
Microsoft Visual Studio Solution File, Format Version 12.00
# Visual Studio 14
VisualStudioVersion = 14.0.25123.0
MinimumVisualStudioVersion = 10.0.40219.1
Project("{B74BE707-66A9-4743-A52D-FA29C979DF4F}") = "Sitecore.Support.400109.439440", "Sitecore.Support.400109.439440\Sitecore.Support.400109.439440.csproj", "{001642E9-8814-431E-BEBE-AF4B40F2DCF2}"
EndProject
Global
	GlobalSection(SolutionConfigurationPlatforms) = preSolution
		Debug|Any CPU = Debug|Any CPU
		Release|Any CPU = Release|Any CPU
	EndGlobalSection
	GlobalSection(ProjectConfigurationPlatforms) = postSolution
		{001642E9-8814-431E-BEBE-AF4B40F2DCF2}.Debug|Any CPU.ActiveCfg = Debug|Any CPU
		{001642E9-8814-431E-BEBE-AF4B40F2DCF2}.Debug|Any CPU.Build.0 = Debug|Any CPU
		{001642E9-8814-431E-BEBE-AF4B40F2DCF2}.Release|Any CPU.ActiveCfg = Release|Any CPU
		{001642E9-8814-431E-BEBE-AF4B40F2DCF2}.Release|Any CPU.Build.0 = Release|Any CPU
	EndGlobalSection
	GlobalSection(SolutionProperties) = preSolution
		HideSolutionNode = FALSE
	EndGlobalSection
EndGlobal
